
Microsoft Visual Studio Solution File, Format Version 12.00
# Visual Studio 15
VisualStudioVersion = 15.0.28307.1231
MinimumVisualStudioVersion = 10.0.40219.1
Project("{FAE04EC0-301F-11D3-BF4B-00C04F79EFBC}") = "URI - validacaoDeNota4", "URI - validacaoDeNota4\URI - validacaoDeNota4.csproj", "{644D1060-3ECC-410C-87C7-51F9477F7B5A}"
EndProject
Global
	GlobalSection(SolutionConfigurationPlatforms) = preSolution
		Debug|Any CPU = Debug|Any CPU
		Release|Any CPU = Release|Any CPU
	EndGlobalSection
	GlobalSection(ProjectConfigurationPlatforms) = postSolution
		{644D1060-3ECC-410C-87C7-51F9477F7B5A}.Debug|Any CPU.ActiveCfg = Debug|Any CPU
		{644D1060-3ECC-410C-87C7-51F9477F7B5A}.Debug|Any CPU.Build.0 = Debug|Any CPU
		{644D1060-3ECC-410C-87C7-51F9477F7B5A}.Release|Any CPU.ActiveCfg = Release|Any CPU
		{644D1060-3ECC-410C-87C7-51F9477F7B5A}.Release|Any CPU.Build.0 = Release|Any CPU
	EndGlobalSection
	GlobalSection(SolutionProperties) = preSolution
		HideSolutionNode = FALSE
	EndGlobalSection
	GlobalSection(ExtensibilityGlobals) = postSolution
		SolutionGuid = {9EC93558-3527-4212-ACFB-836447493CD7}
	EndGlobalSection
EndGlobal
